
Microsoft Visual Studio Solution File, Format Version 12.00
# Visual Studio Version 16
VisualStudioVersion = 16.0.30804.86
MinimumVisualStudioVersion = 10.0.40219.1
Project("{FAE04EC0-301F-11D3-BF4B-00C04F79EFBC}") = "TripletFrequency", "TripletFrequency\TripletFrequency.csproj", "{EEAAA3D3-02A7-492E-A64B-85E4994158C7}"
EndProject
Project("{FAE04EC0-301F-11D3-BF4B-00C04F79EFBC}") = "Lib1", "Lib1\Lib1.csproj", "{B3A5E5DD-0C29-4F50-9365-0ADD74FA751D}"
EndProject
Global
	GlobalSection(SolutionConfigurationPlatforms) = preSolution
		Debug|Any CPU = Debug|Any CPU
		Release|Any CPU = Release|Any CPU
	EndGlobalSection
	GlobalSection(ProjectConfigurationPlatforms) = postSolution
		{EEAAA3D3-02A7-492E-A64B-85E4994158C7}.Debug|Any CPU.ActiveCfg = Debug|Any CPU
		{EEAAA3D3-02A7-492E-A64B-85E4994158C7}.Debug|Any CPU.Build.0 = Debug|Any CPU
		{EEAAA3D3-02A7-492E-A64B-85E4994158C7}.Release|Any CPU.ActiveCfg = Release|Any CPU
		{EEAAA3D3-02A7-492E-A64B-85E4994158C7}.Release|Any CPU.Build.0 = Release|Any CPU
		{B3A5E5DD-0C29-4F50-9365-0ADD74FA751D}.Debug|Any CPU.ActiveCfg = Debug|Any CPU
		{B3A5E5DD-0C29-4F50-9365-0ADD74FA751D}.Debug|Any CPU.Build.0 = Debug|Any CPU
		{B3A5E5DD-0C29-4F50-9365-0ADD74FA751D}.Release|Any CPU.ActiveCfg = Release|Any CPU
		{B3A5E5DD-0C29-4F50-9365-0ADD74FA751D}.Release|Any CPU.Build.0 = Release|Any CPU
	EndGlobalSection
	GlobalSection(SolutionProperties) = preSolution
		HideSolutionNode = FALSE
	EndGlobalSection
	GlobalSection(ExtensibilityGlobals) = postSolution
		SolutionGuid = {6200D936-A3FE-4DC0-A2C5-802B1A1ADC7F}
	EndGlobalSection
EndGlobal
